
Microsoft Visual Studio Solution File, Format Version 12.00
# Visual Studio Version 17
VisualStudioVersion = 17.8.34511.84
MinimumVisualStudioVersion = 10.0.40219.1
Project("{FAE04EC0-301F-11D3-BF4B-00C04F79EFBC}") = "Task-2 7-2-24", "Task-2 7-2-24\Task-2 7-2-24.csproj", "{4F79B62F-CB52-4602-B3CA-61FCDADED9D2}"
EndProject
Global
	GlobalSection(SolutionConfigurationPlatforms) = preSolution
		Debug|Any CPU = Debug|Any CPU
		Release|Any CPU = Release|Any CPU
	EndGlobalSection
	GlobalSection(ProjectConfigurationPlatforms) = postSolution
		{4F79B62F-CB52-4602-B3CA-61FCDADED9D2}.Debug|Any CPU.ActiveCfg = Debug|Any CPU
		{4F79B62F-CB52-4602-B3CA-61FCDADED9D2}.Debug|Any CPU.Build.0 = Debug|Any CPU
		{4F79B62F-CB52-4602-B3CA-61FCDADED9D2}.Release|Any CPU.ActiveCfg = Release|Any CPU
		{4F79B62F-CB52-4602-B3CA-61FCDADED9D2}.Release|Any CPU.Build.0 = Release|Any CPU
	EndGlobalSection
	GlobalSection(SolutionProperties) = preSolution
		HideSolutionNode = FALSE
	EndGlobalSection
	GlobalSection(ExtensibilityGlobals) = postSolution
		SolutionGuid = {6B30069A-F954-4311-B121-B07A71724E79}
	EndGlobalSection
EndGlobal
